
Microsoft Visual Studio Solution File, Format Version 12.00
# Visual Studio Version 17
VisualStudioVersion = 17.6.33829.357
MinimumVisualStudioVersion = 10.0.40219.1
Project("{9A19103F-16F7-4668-BE54-9A1E7A4F7556}") = "VisentiaTwin_API", "VisentiaTwin_API.csproj", "{30E0D1C5-F992-454D-A76A-6C44AFDCE933}"
EndProject
Global
	GlobalSection(SolutionConfigurationPlatforms) = preSolution
		Debug|Any CPU = Debug|Any CPU
		Release|Any CPU = Release|Any CPU
	EndGlobalSection
	GlobalSection(ProjectConfigurationPlatforms) = postSolution
		{30E0D1C5-F992-454D-A76A-6C44AFDCE933}.Debug|Any CPU.ActiveCfg = Debug|Any CPU
		{30E0D1C5-F992-454D-A76A-6C44AFDCE933}.Debug|Any CPU.Build.0 = Debug|Any CPU
		{30E0D1C5-F992-454D-A76A-6C44AFDCE933}.Release|Any CPU.ActiveCfg = Release|Any CPU
		{30E0D1C5-F992-454D-A76A-6C44AFDCE933}.Release|Any CPU.Build.0 = Release|Any CPU
	EndGlobalSection
	GlobalSection(SolutionProperties) = preSolution
		HideSolutionNode = FALSE
	EndGlobalSection
	GlobalSection(ExtensibilityGlobals) = postSolution
		SolutionGuid = {BD0D2A00-D131-4493-8E91-02A8C1B5E07D}
	EndGlobalSection
EndGlobal
