
Microsoft Visual Studio Solution File, Format Version 12.00
# Visual Studio Version 17
VisualStudioVersion = 17.6.33829.357
MinimumVisualStudioVersion = 10.0.40219.1
Project("{9A19103F-16F7-4668-BE54-9A1E7A4F7556}") = "YBCarRental3D_API", "YBCarRental3D_API.csproj", "{83F7BEBE-6494-44CF-B897-7C5AFF490FC7}"
EndProject
Global
	GlobalSection(SolutionConfigurationPlatforms) = preSolution
		Debug|Any CPU = Debug|Any CPU
		Release|Any CPU = Release|Any CPU
	EndGlobalSection
	GlobalSection(ProjectConfigurationPlatforms) = postSolution
		{83F7BEBE-6494-44CF-B897-7C5AFF490FC7}.Debug|Any CPU.ActiveCfg = Debug|Any CPU
		{83F7BEBE-6494-44CF-B897-7C5AFF490FC7}.Debug|Any CPU.Build.0 = Debug|Any CPU
		{83F7BEBE-6494-44CF-B897-7C5AFF490FC7}.Release|Any CPU.ActiveCfg = Release|Any CPU
		{83F7BEBE-6494-44CF-B897-7C5AFF490FC7}.Release|Any CPU.Build.0 = Release|Any CPU
	EndGlobalSection
	GlobalSection(SolutionProperties) = preSolution
		HideSolutionNode = FALSE
	EndGlobalSection
	GlobalSection(ExtensibilityGlobals) = postSolution
		SolutionGuid = {BD0D2A00-D131-4493-8E91-02A8C1B5E07D}
	EndGlobalSection
EndGlobal
